
Microsoft Visual Studio Solution File, Format Version 12.00
# Visual Studio 2013
VisualStudioVersion = 12.0.31101.0
MinimumVisualStudioVersion = 10.0.40219.1
Project("{FAE04EC0-301F-11D3-BF4B-00C04F79EFBC}") = "Repository.Pattern", "Repository.Pattern\Repository.Pattern.csproj", "{CDBB5E93-67EC-43F1-83D6-20227FEC7B25}"
EndProject
Project("{FAE04EC0-301F-11D3-BF4B-00C04F79EFBC}") = "Repository.Pattern.Ef6", "Repository.Pattern.Ef6\Repository.Pattern.Ef6.csproj", "{D42ECB35-4F44-4A93-A487-C863D9F9DCB4}"
EndProject
Global
	GlobalSection(SolutionConfigurationPlatforms) = preSolution
		Debug|Any CPU = Debug|Any CPU
		Release|Any CPU = Release|Any CPU
	EndGlobalSection
	GlobalSection(ProjectConfigurationPlatforms) = postSolution
		{CDBB5E93-67EC-43F1-83D6-20227FEC7B25}.Debug|Any CPU.ActiveCfg = Debug|Any CPU
		{CDBB5E93-67EC-43F1-83D6-20227FEC7B25}.Debug|Any CPU.Build.0 = Debug|Any CPU
		{CDBB5E93-67EC-43F1-83D6-20227FEC7B25}.Release|Any CPU.ActiveCfg = Release|Any CPU
		{CDBB5E93-67EC-43F1-83D6-20227FEC7B25}.Release|Any CPU.Build.0 = Release|Any CPU
		{D42ECB35-4F44-4A93-A487-C863D9F9DCB4}.Debug|Any CPU.ActiveCfg = Debug|Any CPU
		{D42ECB35-4F44-4A93-A487-C863D9F9DCB4}.Debug|Any CPU.Build.0 = Debug|Any CPU
		{D42ECB35-4F44-4A93-A487-C863D9F9DCB4}.Release|Any CPU.ActiveCfg = Release|Any CPU
		{D42ECB35-4F44-4A93-A487-C863D9F9DCB4}.Release|Any CPU.Build.0 = Release|Any CPU
	EndGlobalSection
	GlobalSection(SolutionProperties) = preSolution
		HideSolutionNode = FALSE
	EndGlobalSection
EndGlobal
